
Microsoft Visual Studio Solution File, Format Version 12.00
# Visual Studio Version 17
VisualStudioVersion = 17.3.32804.467
MinimumVisualStudioVersion = 10.0.40219.1
Project("{FAE04EC0-301F-11D3-BF4B-00C04F79EFBC}") = "EndProject1", "EndProject1\EndProject1.csproj", "{701BF153-D988-4B7B-88B5-2B88810AEEEF}"
EndProject
Project("{FAE04EC0-301F-11D3-BF4B-00C04F79EFBC}") = "BAL", "BAL\BAL.csproj", "{27298EAD-E975-44D2-8EC5-C12E13FFBDCE}"
EndProject
Project("{FAE04EC0-301F-11D3-BF4B-00C04F79EFBC}") = "DAL", "DAL\DAL.csproj", "{AD0A9F0D-5D4D-47D5-8B15-88A2CB454C74}"
EndProject
Global
	GlobalSection(SolutionConfigurationPlatforms) = preSolution
		Debug|Any CPU = Debug|Any CPU
		Release|Any CPU = Release|Any CPU
	EndGlobalSection
	GlobalSection(ProjectConfigurationPlatforms) = postSolution
		{701BF153-D988-4B7B-88B5-2B88810AEEEF}.Debug|Any CPU.ActiveCfg = Debug|Any CPU
		{701BF153-D988-4B7B-88B5-2B88810AEEEF}.Debug|Any CPU.Build.0 = Debug|Any CPU
		{701BF153-D988-4B7B-88B5-2B88810AEEEF}.Release|Any CPU.ActiveCfg = Release|Any CPU
		{701BF153-D988-4B7B-88B5-2B88810AEEEF}.Release|Any CPU.Build.0 = Release|Any CPU
		{27298EAD-E975-44D2-8EC5-C12E13FFBDCE}.Debug|Any CPU.ActiveCfg = Debug|Any CPU
		{27298EAD-E975-44D2-8EC5-C12E13FFBDCE}.Debug|Any CPU.Build.0 = Debug|Any CPU
		{27298EAD-E975-44D2-8EC5-C12E13FFBDCE}.Release|Any CPU.ActiveCfg = Release|Any CPU
		{27298EAD-E975-44D2-8EC5-C12E13FFBDCE}.Release|Any CPU.Build.0 = Release|Any CPU
		{AD0A9F0D-5D4D-47D5-8B15-88A2CB454C74}.Debug|Any CPU.ActiveCfg = Debug|Any CPU
		{AD0A9F0D-5D4D-47D5-8B15-88A2CB454C74}.Debug|Any CPU.Build.0 = Debug|Any CPU
		{AD0A9F0D-5D4D-47D5-8B15-88A2CB454C74}.Release|Any CPU.ActiveCfg = Release|Any CPU
		{AD0A9F0D-5D4D-47D5-8B15-88A2CB454C74}.Release|Any CPU.Build.0 = Release|Any CPU
	EndGlobalSection
	GlobalSection(SolutionProperties) = preSolution
		HideSolutionNode = FALSE
	EndGlobalSection
	GlobalSection(ExtensibilityGlobals) = postSolution
		SolutionGuid = {96DE778A-1AF8-4397-B672-FD9153A5A694}
	EndGlobalSection
EndGlobal
